
Microsoft Visual Studio Solution File, Format Version 12.00
# Visual Studio 15
VisualStudioVersion = 15.0.28307.705
MinimumVisualStudioVersion = 10.0.40219.1
Project("{FAE04EC0-301F-11D3-BF4B-00C04F79EFBC}") = "Ryne", "Ryne\Ryne.csproj", "{75FF4C64-CE22-4AA9-ACF6-55A492DAB41F}"
EndProject
Project("{FAE04EC0-301F-11D3-BF4B-00C04F79EFBC}") = "RyneTests", "RyneTests\RyneTests.csproj", "{8E1C1288-2961-4DD9-91B0-9A0D86BA7A00}"
EndProject
Global
	GlobalSection(SolutionConfigurationPlatforms) = preSolution
		Debug|Any CPU = Debug|Any CPU
		Release|Any CPU = Release|Any CPU
	EndGlobalSection
	GlobalSection(ProjectConfigurationPlatforms) = postSolution
		{75FF4C64-CE22-4AA9-ACF6-55A492DAB41F}.Debug|Any CPU.ActiveCfg = Debug|Any CPU
		{75FF4C64-CE22-4AA9-ACF6-55A492DAB41F}.Debug|Any CPU.Build.0 = Debug|Any CPU
		{75FF4C64-CE22-4AA9-ACF6-55A492DAB41F}.Release|Any CPU.ActiveCfg = Release|Any CPU
		{75FF4C64-CE22-4AA9-ACF6-55A492DAB41F}.Release|Any CPU.Build.0 = Release|Any CPU
		{8E1C1288-2961-4DD9-91B0-9A0D86BA7A00}.Debug|Any CPU.ActiveCfg = Debug|Any CPU
		{8E1C1288-2961-4DD9-91B0-9A0D86BA7A00}.Debug|Any CPU.Build.0 = Debug|Any CPU
		{8E1C1288-2961-4DD9-91B0-9A0D86BA7A00}.Release|Any CPU.ActiveCfg = Release|Any CPU
		{8E1C1288-2961-4DD9-91B0-9A0D86BA7A00}.Release|Any CPU.Build.0 = Release|Any CPU
	EndGlobalSection
	GlobalSection(SolutionProperties) = preSolution
		HideSolutionNode = FALSE
	EndGlobalSection
	GlobalSection(ExtensibilityGlobals) = postSolution
		SolutionGuid = {B14DAAF5-E8B3-4E63-9A8C-56642F75AB30}
	EndGlobalSection
EndGlobal
